
Microsoft Visual Studio Solution File, Format Version 12.00
# Visual Studio 15
VisualStudioVersion = 15.0.28307.645
MinimumVisualStudioVersion = 10.0.40219.1
Project("{FAE04EC0-301F-11D3-BF4B-00C04F79EFBC}") = "SentimentAnalysisWebAPI", "SentimentAnalysisWebAPI\SentimentAnalysisWebAPI.csproj", "{CD464C62-BB84-4B4A-BACF-60BB68FE16CB}"
EndProject
Project("{9A19103F-16F7-4668-BE54-9A1E7A4F7556}") = "AutoMLML.Model", "AutoMLML.Model\AutoMLML.Model.csproj", "{966D26B7-D9A8-40F5-A905-B0F5C771FF6B}"
EndProject
Project("{9A19103F-16F7-4668-BE54-9A1E7A4F7556}") = "AutoMLML.ConsoleApp", "AutoMLML.ConsoleApp\AutoMLML.ConsoleApp.csproj", "{C993517E-8FD6-41E4-8BB4-91666A1BAC10}"
EndProject
Global
	GlobalSection(SolutionConfigurationPlatforms) = preSolution
		Debug|Any CPU = Debug|Any CPU
		Release|Any CPU = Release|Any CPU
	EndGlobalSection
	GlobalSection(ProjectConfigurationPlatforms) = postSolution
		{CD464C62-BB84-4B4A-BACF-60BB68FE16CB}.Debug|Any CPU.ActiveCfg = Debug|Any CPU
		{CD464C62-BB84-4B4A-BACF-60BB68FE16CB}.Debug|Any CPU.Build.0 = Debug|Any CPU
		{CD464C62-BB84-4B4A-BACF-60BB68FE16CB}.Release|Any CPU.ActiveCfg = Release|Any CPU
		{CD464C62-BB84-4B4A-BACF-60BB68FE16CB}.Release|Any CPU.Build.0 = Release|Any CPU
		{966D26B7-D9A8-40F5-A905-B0F5C771FF6B}.Debug|Any CPU.ActiveCfg = Debug|Any CPU
		{966D26B7-D9A8-40F5-A905-B0F5C771FF6B}.Debug|Any CPU.Build.0 = Debug|Any CPU
		{966D26B7-D9A8-40F5-A905-B0F5C771FF6B}.Release|Any CPU.ActiveCfg = Release|Any CPU
		{966D26B7-D9A8-40F5-A905-B0F5C771FF6B}.Release|Any CPU.Build.0 = Release|Any CPU
		{C993517E-8FD6-41E4-8BB4-91666A1BAC10}.Debug|Any CPU.ActiveCfg = Debug|Any CPU
		{C993517E-8FD6-41E4-8BB4-91666A1BAC10}.Debug|Any CPU.Build.0 = Debug|Any CPU
		{C993517E-8FD6-41E4-8BB4-91666A1BAC10}.Release|Any CPU.ActiveCfg = Release|Any CPU
		{C993517E-8FD6-41E4-8BB4-91666A1BAC10}.Release|Any CPU.Build.0 = Release|Any CPU
	EndGlobalSection
	GlobalSection(SolutionProperties) = preSolution
		HideSolutionNode = FALSE
	EndGlobalSection
	GlobalSection(ExtensibilityGlobals) = postSolution
		SolutionGuid = {12DB7FF7-C74C-4F88-91B6-06390A7111EC}
	EndGlobalSection
EndGlobal
